
Microsoft Visual Studio Solution File, Format Version 12.00
# Visual Studio Version 17
VisualStudioVersion = 17.0.31903.59
MinimumVisualStudioVersion = 10.0.40219.1
Project("{2150E333-8FDC-42A3-9474-1A3956D46DE8}") = "src", "src", "{A1B2C3D4-E5F6-7890-ABCD-EF1234567890}"
EndProject
Project("{2150E333-8FDC-42A3-9474-1A3956D46DE8}") = "tests", "tests", "{B2C3D4E5-F6A7-8901-BCDE-F12345678901}"
EndProject
Project("{9A19103F-16F7-4668-BE54-9A1E7A4F7556}") = "CarAutoParts.Domain", "src\CarAutoParts.Domain\CarAutoParts.Domain.csproj", "{9996064A-F86A-4FD3-928F-9168152B0C61}"
EndProject
Project("{9A19103F-16F7-4668-BE54-9A1E7A4F7556}") = "CarAutoParts.Application", "src\CarAutoParts.Application\CarAutoParts.Application.csproj", "{F947520F-B458-4A0E-917C-D61D0D4EF0F6}"
EndProject
Project("{9A19103F-16F7-4668-BE54-9A1E7A4F7556}") = "CarAutoParts.Infrastructure", "src\CarAutoParts.Infrastructure\CarAutoParts.Infrastructure.csproj", "{8BEE6722-D313-4388-A066-84F53B1EF92B}"
EndProject
Project("{9A19103F-16F7-4668-BE54-9A1E7A4F7556}") = "CarAutoParts.Presentation", "src\CarAutoParts.Presentation\CarAutoParts.Presentation.csproj", "{FD8F5F24-B107-4B83-BCEE-132D48ED6F9F}"
EndProject
Project("{9A19103F-16F7-4668-BE54-9A1E7A4F7556}") = "CarAutoParts.Domain.Tests", "tests\CarAutoParts.Domain.Tests\CarAutoParts.Domain.Tests.csproj", "{76259A33-6918-4068-ABF5-0871B79D2AA1}"
EndProject
Project("{9A19103F-16F7-4668-BE54-9A1E7A4F7556}") = "CarAutoParts.Application.Tests", "tests\CarAutoParts.Application.Tests\CarAutoParts.Application.Tests.csproj", "{39565367-4F9B-4DCA-B17F-AC2D4932464A}"
EndProject
Project("{9A19103F-16F7-4668-BE54-9A1E7A4F7556}") = "CarAutoParts.Infrastructure.Tests", "tests\CarAutoParts.Infrastructure.Tests\CarAutoParts.Infrastructure.Tests.csproj", "{C8153433-576A-4D25-B965-F019E6521D7F}"
EndProject
Project("{FAE04EC0-301F-11D3-BF4B-00C04F79EFBC}") = "CarAutoParts.Api", "src\CarAutoParts.Api\CarAutoParts.Api.csproj", "{95238642-F22D-440B-951D-66619B564A31}"
EndProject
Project("{FAE04EC0-301F-11D3-BF4B-00C04F79EFBC}") = "CarAutoParts.Web", "src\CarAutoParts.Web\CarAutoParts.Web.csproj", "{931A8C30-BAFA-4805-AC62-728237AF0129}"
EndProject
Project("{FAE04EC0-301F-11D3-BF4B-00C04F79EFBC}") = "CarAutoParts.Api.Tests", "tests\CarAutoParts.Api.Tests\CarAutoParts.Api.Tests.csproj", "{FCFCAD6C-7526-42FC-B317-D96E9BE0332E}"
EndProject
Global
	GlobalSection(SolutionConfigurationPlatforms) = preSolution
		Debug|Any CPU = Debug|Any CPU
		Debug|x64 = Debug|x64
		Debug|x86 = Debug|x86
		Release|Any CPU = Release|Any CPU
		Release|x64 = Release|x64
		Release|x86 = Release|x86
	EndGlobalSection
	GlobalSection(ProjectConfigurationPlatforms) = postSolution
		{9996064A-F86A-4FD3-928F-9168152B0C61}.Debug|Any CPU.ActiveCfg = Debug|Any CPU
		{9996064A-F86A-4FD3-928F-9168152B0C61}.Debug|Any CPU.Build.0 = Debug|Any CPU
		{9996064A-F86A-4FD3-928F-9168152B0C61}.Debug|x64.ActiveCfg = Debug|Any CPU
		{9996064A-F86A-4FD3-928F-9168152B0C61}.Debug|x64.Build.0 = Debug|Any CPU
		{9996064A-F86A-4FD3-928F-9168152B0C61}.Debug|x86.ActiveCfg = Debug|Any CPU
		{9996064A-F86A-4FD3-928F-9168152B0C61}.Debug|x86.Build.0 = Debug|Any CPU
		{9996064A-F86A-4FD3-928F-9168152B0C61}.Release|Any CPU.ActiveCfg = Release|Any CPU
		{9996064A-F86A-4FD3-928F-9168152B0C61}.Release|Any CPU.Build.0 = Release|Any CPU
		{9996064A-F86A-4FD3-928F-9168152B0C61}.Release|x64.ActiveCfg = Release|Any CPU
		{9996064A-F86A-4FD3-928F-9168152B0C61}.Release|x64.Build.0 = Release|Any CPU
		{9996064A-F86A-4FD3-928F-9168152B0C61}.Release|x86.ActiveCfg = Release|Any CPU
		{9996064A-F86A-4FD3-928F-9168152B0C61}.Release|x86.Build.0 = Release|Any CPU
		{F947520F-B458-4A0E-917C-D61D0D4EF0F6}.Debug|Any CPU.ActiveCfg = Debug|Any CPU
		{F947520F-B458-4A0E-917C-D61D0D4EF0F6}.Debug|Any CPU.Build.0 = Debug|Any CPU
		{F947520F-B458-4A0E-917C-D61D0D4EF0F6}.Debug|x64.ActiveCfg = Debug|Any CPU
		{F947520F-B458-4A0E-917C-D61D0D4EF0F6}.Debug|x64.Build.0 = Debug|Any CPU
		{F947520F-B458-4A0E-917C-D61D0D4EF0F6}.Debug|x86.ActiveCfg = Debug|Any CPU
		{F947520F-B458-4A0E-917C-D61D0D4EF0F6}.Debug|x86.Build.0 = Debug|Any CPU
		{F947520F-B458-4A0E-917C-D61D0D4EF0F6}.Release|Any CPU.ActiveCfg = Release|Any CPU
		{F947520F-B458-4A0E-917C-D61D0D4EF0F6}.Release|Any CPU.Build.0 = Release|Any CPU
		{F947520F-B458-4A0E-917C-D61D0D4EF0F6}.Release|x64.ActiveCfg = Release|Any CPU
		{F947520F-B458-4A0E-917C-D61D0D4EF0F6}.Release|x64.Build.0 = Release|Any CPU
		{F947520F-B458-4A0E-917C-D61D0D4EF0F6}.Release|x86.ActiveCfg = Release|Any CPU
		{F947520F-B458-4A0E-917C-D61D0D4EF0F6}.Release|x86.Build.0 = Release|Any CPU
		{8BEE6722-D313-4388-A066-84F53B1EF92B}.Debug|Any CPU.ActiveCfg = Debug|Any CPU
		{8BEE6722-D313-4388-A066-84F53B1EF92B}.Debug|Any CPU.Build.0 = Debug|Any CPU
		{8BEE6722-D313-4388-A066-84F53B1EF92B}.Debug|x64.ActiveCfg = Debug|Any CPU
		{8BEE6722-D313-4388-A066-84F53B1EF92B}.Debug|x64.Build.0 = Debug|Any CPU
		{8BEE6722-D313-4388-A066-84F53B1EF92B}.Debug|x86.ActiveCfg = Debug|Any CPU
		{8BEE6722-D313-4388-A066-84F53B1EF92B}.Debug|x86.Build.0 = Debug|Any CPU
		{8BEE6722-D313-4388-A066-84F53B1EF92B}.Release|Any CPU.ActiveCfg = Release|Any CPU
		{8BEE6722-D313-4388-A066-84F53B1EF92B}.Release|Any CPU.Build.0 = Release|Any CPU
		{8BEE6722-D313-4388-A066-84F53B1EF92B}.Release|x64.ActiveCfg = Release|Any CPU
		{8BEE6722-D313-4388-A066-84F53B1EF92B}.Release|x64.Build.0 = Release|Any CPU
		{8BEE6722-D313-4388-A066-84F53B1EF92B}.Release|x86.ActiveCfg = Release|Any CPU
		{8BEE6722-D313-4388-A066-84F53B1EF92B}.Release|x86.Build.0 = Release|Any CPU
		{FD8F5F24-B107-4B83-BCEE-132D48ED6F9F}.Debug|Any CPU.ActiveCfg = Debug|Any CPU
		{FD8F5F24-B107-4B83-BCEE-132D48ED6F9F}.Debug|Any CPU.Build.0 = Debug|Any CPU
		{FD8F5F24-B107-4B83-BCEE-132D48ED6F9F}.Debug|x64.ActiveCfg = Debug|Any CPU
		{FD8F5F24-B107-4B83-BCEE-132D48ED6F9F}.Debug|x64.Build.0 = Debug|Any CPU
		{FD8F5F24-B107-4B83-BCEE-132D48ED6F9F}.Debug|x86.ActiveCfg = Debug|Any CPU
		{FD8F5F24-B107-4B83-BCEE-132D48ED6F9F}.Debug|x86.Build.0 = Debug|Any CPU
		{FD8F5F24-B107-4B83-BCEE-132D48ED6F9F}.Release|Any CPU.ActiveCfg = Release|Any CPU
		{FD8F5F24-B107-4B83-BCEE-132D48ED6F9F}.Release|Any CPU.Build.0 = Release|Any CPU
		{FD8F5F24-B107-4B83-BCEE-132D48ED6F9F}.Release|x64.ActiveCfg = Release|Any CPU
		{FD8F5F24-B107-4B83-BCEE-132D48ED6F9F}.Release|x64.Build.0 = Release|Any CPU
		{FD8F5F24-B107-4B83-BCEE-132D48ED6F9F}.Release|x86.ActiveCfg = Release|Any CPU
		{FD8F5F24-B107-4B83-BCEE-132D48ED6F9F}.Release|x86.Build.0 = Release|Any CPU
		{76259A33-6918-4068-ABF5-0871B79D2AA1}.Debug|Any CPU.ActiveCfg = Debug|Any CPU
		{76259A33-6918-4068-ABF5-0871B79D2AA1}.Debug|Any CPU.Build.0 = Debug|Any CPU
		{76259A33-6918-4068-ABF5-0871B79D2AA1}.Debug|x64.ActiveCfg = Debug|Any CPU
		{76259A33-6918-4068-ABF5-0871B79D2AA1}.Debug|x64.Build.0 = Debug|Any CPU
		{76259A33-6918-4068-ABF5-0871B79D2AA1}.Debug|x86.ActiveCfg = Debug|Any CPU
		{76259A33-6918-4068-ABF5-0871B79D2AA1}.Debug|x86.Build.0 = Debug|Any CPU
		{76259A33-6918-4068-ABF5-0871B79D2AA1}.Release|Any CPU.ActiveCfg = Release|Any CPU
		{76259A33-6918-4068-ABF5-0871B79D2AA1}.Release|Any CPU.Build.0 = Release|Any CPU
		{76259A33-6918-4068-ABF5-0871B79D2AA1}.Release|x64.ActiveCfg = Release|Any CPU
		{76259A33-6918-4068-ABF5-0871B79D2AA1}.Release|x64.Build.0 = Release|Any CPU
		{76259A33-6918-4068-ABF5-0871B79D2AA1}.Release|x86.ActiveCfg = Release|Any CPU
		{76259A33-6918-4068-ABF5-0871B79D2AA1}.Release|x86.Build.0 = Release|Any CPU
		{39565367-4F9B-4DCA-B17F-AC2D4932464A}.Debug|Any CPU.ActiveCfg = Debug|Any CPU
		{39565367-4F9B-4DCA-B17F-AC2D4932464A}.Debug|Any CPU.Build.0 = Debug|Any CPU
		{39565367-4F9B-4DCA-B17F-AC2D4932464A}.Debug|x64.ActiveCfg = Debug|Any CPU
		{39565367-4F9B-4DCA-B17F-AC2D4932464A}.Debug|x64.Build.0 = Debug|Any CPU
		{39565367-4F9B-4DCA-B17F-AC2D4932464A}.Debug|x86.ActiveCfg = Debug|Any CPU
		{39565367-4F9B-4DCA-B17F-AC2D4932464A}.Debug|x86.Build.0 = Debug|Any CPU
		{39565367-4F9B-4DCA-B17F-AC2D4932464A}.Release|Any CPU.ActiveCfg = Release|Any CPU
		{39565367-4F9B-4DCA-B17F-AC2D4932464A}.Release|Any CPU.Build.0 = Release|Any CPU
		{39565367-4F9B-4DCA-B17F-AC2D4932464A}.Release|x64.ActiveCfg = Release|Any CPU
		{39565367-4F9B-4DCA-B17F-AC2D4932464A}.Release|x64.Build.0 = Release|Any CPU
		{39565367-4F9B-4DCA-B17F-AC2D4932464A}.Release|x86.ActiveCfg = Release|Any CPU
		{39565367-4F9B-4DCA-B17F-AC2D4932464A}.Release|x86.Build.0 = Release|Any CPU
		{C8153433-576A-4D25-B965-F019E6521D7F}.Debug|Any CPU.ActiveCfg = Debug|Any CPU
		{C8153433-576A-4D25-B965-F019E6521D7F}.Debug|Any CPU.Build.0 = Debug|Any CPU
		{C8153433-576A-4D25-B965-F019E6521D7F}.Debug|x64.ActiveCfg = Debug|Any CPU
		{C8153433-576A-4D25-B965-F019E6521D7F}.Debug|x64.Build.0 = Debug|Any CPU
		{C8153433-576A-4D25-B965-F019E6521D7F}.Debug|x86.ActiveCfg = Debug|Any CPU
		{C8153433-576A-4D25-B965-F019E6521D7F}.Debug|x86.Build.0 = Debug|Any CPU
		{C8153433-576A-4D25-B965-F019E6521D7F}.Release|Any CPU.ActiveCfg = Release|Any CPU
		{C8153433-576A-4D25-B965-F019E6521D7F}.Release|Any CPU.Build.0 = Release|Any CPU
		{C8153433-576A-4D25-B965-F019E6521D7F}.Release|x64.ActiveCfg = Release|Any CPU
		{C8153433-576A-4D25-B965-F019E6521D7F}.Release|x64.Build.0 = Release|Any CPU
		{C8153433-576A-4D25-B965-F019E6521D7F}.Release|x86.ActiveCfg = Release|Any CPU
		{C8153433-576A-4D25-B965-F019E6521D7F}.Release|x86.Build.0 = Release|Any CPU
		{95238642-F22D-440B-951D-66619B564A31}.Debug|Any CPU.ActiveCfg = Debug|Any CPU
		{95238642-F22D-440B-951D-66619B564A31}.Debug|Any CPU.Build.0 = Debug|Any CPU
		{95238642-F22D-440B-951D-66619B564A31}.Debug|x64.ActiveCfg = Debug|Any CPU
		{95238642-F22D-440B-951D-66619B564A31}.Debug|x64.Build.0 = Debug|Any CPU
		{95238642-F22D-440B-951D-66619B564A31}.Debug|x86.ActiveCfg = Debug|Any CPU
		{95238642-F22D-440B-951D-66619B564A31}.Debug|x86.Build.0 = Debug|Any CPU
		{95238642-F22D-440B-951D-66619B564A31}.Release|Any CPU.ActiveCfg = Release|Any CPU
		{95238642-F22D-440B-951D-66619B564A31}.Release|Any CPU.Build.0 = Release|Any CPU
		{95238642-F22D-440B-951D-66619B564A31}.Release|x64.ActiveCfg = Release|Any CPU
		{95238642-F22D-440B-951D-66619B564A31}.Release|x64.Build.0 = Release|Any CPU
		{95238642-F22D-440B-951D-66619B564A31}.Release|x86.ActiveCfg = Release|Any CPU
		{95238642-F22D-440B-951D-66619B564A31}.Release|x86.Build.0 = Release|Any CPU
		{931A8C30-BAFA-4805-AC62-728237AF0129}.Debug|Any CPU.ActiveCfg = Debug|Any CPU
		{931A8C30-BAFA-4805-AC62-728237AF0129}.Debug|Any CPU.Build.0 = Debug|Any CPU
		{931A8C30-BAFA-4805-AC62-728237AF0129}.Debug|x64.ActiveCfg = Debug|Any CPU
		{931A8C30-BAFA-4805-AC62-728237AF0129}.Debug|x64.Build.0 = Debug|Any CPU
		{931A8C30-BAFA-4805-AC62-728237AF0129}.Debug|x86.ActiveCfg = Debug|Any CPU
		{931A8C30-BAFA-4805-AC62-728237AF0129}.Debug|x86.Build.0 = Debug|Any CPU
		{931A8C30-BAFA-4805-AC62-728237AF0129}.Release|Any CPU.ActiveCfg = Release|Any CPU
		{931A8C30-BAFA-4805-AC62-728237AF0129}.Release|Any CPU.Build.0 = Release|Any CPU
		{931A8C30-BAFA-4805-AC62-728237AF0129}.Release|x64.ActiveCfg = Release|Any CPU
		{931A8C30-BAFA-4805-AC62-728237AF0129}.Release|x64.Build.0 = Release|Any CPU
		{931A8C30-BAFA-4805-AC62-728237AF0129}.Release|x86.ActiveCfg = Release|Any CPU
		{931A8C30-BAFA-4805-AC62-728237AF0129}.Release|x86.Build.0 = Release|Any CPU
		{FCFCAD6C-7526-42FC-B317-D96E9BE0332E}.Debug|Any CPU.ActiveCfg = Debug|Any CPU
		{FCFCAD6C-7526-42FC-B317-D96E9BE0332E}.Debug|Any CPU.Build.0 = Debug|Any CPU
		{FCFCAD6C-7526-42FC-B317-D96E9BE0332E}.Debug|x64.ActiveCfg = Debug|Any CPU
		{FCFCAD6C-7526-42FC-B317-D96E9BE0332E}.Debug|x64.Build.0 = Debug|Any CPU
		{FCFCAD6C-7526-42FC-B317-D96E9BE0332E}.Debug|x86.ActiveCfg = Debug|Any CPU
		{FCFCAD6C-7526-42FC-B317-D96E9BE0332E}.Debug|x86.Build.0 = Debug|Any CPU
		{FCFCAD6C-7526-42FC-B317-D96E9BE0332E}.Release|Any CPU.ActiveCfg = Release|Any CPU
		{FCFCAD6C-7526-42FC-B317-D96E9BE0332E}.Release|Any CPU.Build.0 = Release|Any CPU
		{FCFCAD6C-7526-42FC-B317-D96E9BE0332E}.Release|x64.ActiveCfg = Release|Any CPU
		{FCFCAD6C-7526-42FC-B317-D96E9BE0332E}.Release|x64.Build.0 = Release|Any CPU
		{FCFCAD6C-7526-42FC-B317-D96E9BE0332E}.Release|x86.ActiveCfg = Release|Any CPU
		{FCFCAD6C-7526-42FC-B317-D96E9BE0332E}.Release|x86.Build.0 = Release|Any CPU
	EndGlobalSection
	GlobalSection(SolutionProperties) = preSolution
		HideSolutionNode = FALSE
	EndGlobalSection
	GlobalSection(NestedProjects) = preSolution
		{9996064A-F86A-4FD3-928F-9168152B0C61} = {A1B2C3D4-E5F6-7890-ABCD-EF1234567890}
		{F947520F-B458-4A0E-917C-D61D0D4EF0F6} = {A1B2C3D4-E5F6-7890-ABCD-EF1234567890}
		{8BEE6722-D313-4388-A066-84F53B1EF92B} = {A1B2C3D4-E5F6-7890-ABCD-EF1234567890}
		{FD8F5F24-B107-4B83-BCEE-132D48ED6F9F} = {A1B2C3D4-E5F6-7890-ABCD-EF1234567890}
		{76259A33-6918-4068-ABF5-0871B79D2AA1} = {B2C3D4E5-F6A7-8901-BCDE-F12345678901}
		{39565367-4F9B-4DCA-B17F-AC2D4932464A} = {B2C3D4E5-F6A7-8901-BCDE-F12345678901}
		{C8153433-576A-4D25-B965-F019E6521D7F} = {B2C3D4E5-F6A7-8901-BCDE-F12345678901}
		{95238642-F22D-440B-951D-66619B564A31} = {A1B2C3D4-E5F6-7890-ABCD-EF1234567890}
		{931A8C30-BAFA-4805-AC62-728237AF0129} = {A1B2C3D4-E5F6-7890-ABCD-EF1234567890}
		{FCFCAD6C-7526-42FC-B317-D96E9BE0332E} = {B2C3D4E5-F6A7-8901-BCDE-F12345678901}
	EndGlobalSection
	GlobalSection(ExtensibilityGlobals) = postSolution
		SolutionGuid = {C3D4E5F6-A7B8-9012-CDEF-123456789ABC}
	EndGlobalSection
EndGlobal
